// !$*UTF8*$!
{
	archiveVersion = 1;
	classes = {
	};
	objectVersion = 46;
	objects = {

/* Begin PBXBuildFile section */
		36FF2662EC604DCCB4D9D04F /* libPods-spotivrij.a in Frameworks */ = {isa = PBXBuildFile; fileRef = D03E7535357D4B3FA390C443 /* libPods-spotivrij.a */; };
		9614ED3D199A09B200BB8D44 /* Foundation.framework in Frameworks */ = {isa = PBXBuildFile; fileRef = 9614ED3C199A09B200BB8D44 /* Foundation.framework */; };
		9614ED3F199A09B200BB8D44 /* CoreGraphics.framework in Frameworks */ = {isa = PBXBuildFile; fileRef = 9614ED3E199A09B200BB8D44 /* CoreGraphics.framework */; };
		9614ED41199A09B200BB8D44 /* UIKit.framework in Frameworks */ = {isa = PBXBuildFile; fileRef = 9614ED40199A09B200BB8D44 /* UIKit.framework */; };
		9614ED47199A09B200BB8D44 /* InfoPlist.strings in Resources */ = {isa = PBXBuildFile; fileRef = 9614ED45199A09B200BB8D44 /* InfoPlist.strings */; };
		9614ED49199A09B200BB8D44 /* main.m in Sources */ = {isa = PBXBuildFile; fileRef = 9614ED48199A09B200BB8D44 /* main.m */; };
		9614ED4D199A09B200BB8D44 /* AppDelegate.m in Sources */ = {isa = PBXBuildFile; fileRef = 9614ED4C199A09B200BB8D44 /* AppDelegate.m */; };
		9614ED50199A09B200BB8D44 /* Main.storyboard in Resources */ = {isa = PBXBuildFile; fileRef = 9614ED4E199A09B200BB8D44 /* Main.storyboard */; };
		9614ED53199A09B200BB8D44 /* ViewController.m in Sources */ = {isa = PBXBuildFile; fileRef = 9614ED52199A09B200BB8D44 /* ViewController.m */; };
		9614ED55199A09B200BB8D44 /* Images.xcassets in Resources */ = {isa = PBXBuildFile; fileRef = 9614ED54199A09B200BB8D44 /* Images.xcassets */; };
		9614ED5C199A09B200BB8D44 /* XCTest.framework in Frameworks */ = {isa = PBXBuildFile; fileRef = 9614ED5B199A09B200BB8D44 /* XCTest.framework */; };
		9614ED5D199A09B200BB8D44 /* Foundation.framework in Frameworks */ = {isa = PBXBuildFile; fileRef = 9614ED3C199A09B200BB8D44 /* Foundation.framework */; };
		9614ED5E199A09B200BB8D44 /* UIKit.framework in Frameworks */ = {isa = PBXBuildFile; fileRef = 9614ED40199A09B200BB8D44 /* UIKit.framework */; };
		9614ED66199A09B200BB8D44 /* InfoPlist.strings in Resources */ = {isa = PBXBuildFile; fileRef = 9614ED64199A09B200BB8D44 /* InfoPlist.strings */; };
		9614ED68199A09B200BB8D44 /* spotivrijTests.m in Sources */ = {isa = PBXBuildFile; fileRef = 9614ED67199A09B200BB8D44 /* spotivrijTests.m */; };
/* End PBXBuildFile section */

/* Begin PBXContainerItemProxy section */
		9614ED5F199A09B200BB8D44 /* PBXContainerItemProxy */ = {
			isa = PBXContainerItemProxy;
			containerPortal = 9614ED31199A09B200BB8D44 /* Project object */;
			proxyType = 1;
			remoteGlobalIDString = 9614ED38199A09B200BB8D44;
			remoteInfo = spotivrij;
		};
/* End PBXContainerItemProxy section */

/* Begin PBXFileReference section */
		9614ED39199A09B200BB8D44 /* spotivrij.app */ = {isa = PBXFileReference; explicitFileType = wrapper.application; includeInIndex = 0; path = spotivrij.app; sourceTree = BUILT_PRODUCTS_DIR; };
		9614ED3C199A09B200BB8D44 /* Foundation.framework */ = {isa = PBXFileReference; lastKnownFileType = wrapper.framework; name = Foundation.framework; path = System/Library/Frameworks/Foundation.framework; sourceTree = SDKROOT; };
		9614ED3E199A09B200BB8D44 /* CoreGraphics.framework */ = {isa = PBXFileReference; lastKnownFileType = wrapper.framework; name = CoreGraphics.framework; path = System/Library/Frameworks/CoreGraphics.framework; sourceTree = SDKROOT; };
		9614ED40199A09B200BB8D44 /* UIKit.framework */ = {isa = PBXFileReference; lastKnownFileType = wrapper.framework; name = UIKit.framework; path = System/Library/Frameworks/UIKit.framework; sourceTree = SDKROOT; };
		9614ED44199A09B200BB8D44 /* spotivrij-Info.plist */ = {isa = PBXFileReference; lastKnownFileType = text.plist.xml; path = "spotivrij-Info.plist"; sourceTree = "<group>"; };
		9614ED46199A09B200BB8D44 /* en */ = {isa = PBXFileReference; lastKnownFileType = text.plist.strings; name = en; path = en.lproj/InfoPlist.strings; sourceTree = "<group>"; };
		9614ED48199A09B200BB8D44 /* main.m */ = {isa = PBXFileReference; lastKnownFileType = sourcecode.c.objc; path = main.m; sourceTree = "<group>"; };
		9614ED4A199A09B200BB8D44 /* spotivrij-Prefix.pch */ = {isa = PBXFileReference; lastKnownFileType = sourcecode.c.h; path = "spotivrij-Prefix.pch"; sourceTree = "<group>"; };
		9614ED4B199A09B200BB8D44 /* AppDelegate.h */ = {isa = PBXFileReference; lastKnownFileType = sourcecode.c.h; path = AppDelegate.h; sourceTree = "<group>"; };
		9614ED4C199A09B200BB8D44 /* AppDelegate.m */ = {isa = PBXFileReference; lastKnownFileType = sourcecode.c.objc; path = AppDelegate.m; sourceTree = "<group>"; };
		9614ED4F199A09B200BB8D44 /* Base */ = {isa = PBXFileReference; lastKnownFileType = file.storyboard; name = Base; path = Base.lproj/Main.storyboard; sourceTree = "<group>"; };
		9614ED51199A09B200BB8D44 /* ViewController.h */ = {isa = PBXFileReference; lastKnownFileType = sourcecode.c.h; path = ViewController.h; sourceTree = "<group>"; };
		9614ED52199A09B200BB8D44 /* ViewController.m */ = {isa = PBXFileReference; lastKnownFileType = sourcecode.c.objc; path = ViewController.m; sourceTree = "<group>"; };
		9614ED54199A09B200BB8D44 /* Images.xcassets */ = {isa = PBXFileReference; lastKnownFileType = folder.assetcatalog; path = Images.xcassets; sourceTree = "<group>"; };
		9614ED5A199A09B200BB8D44 /* spotivrijTests.xctest */ = {isa = PBXFileReference; explicitFileType = wrapper.cfbundle; includeInIndex = 0; path = spotivrijTests.xctest; sourceTree = BUILT_PRODUCTS_DIR; };
		9614ED5B199A09B200BB8D44 /* XCTest.framework */ = {isa = PBXFileReference; lastKnownFileType = wrapper.framework; name = XCTest.framework; path = Library/Frameworks/XCTest.framework; sourceTree = DEVELOPER_DIR; };
		9614ED63199A09B200BB8D44 /* spotivrijTests-Info.plist */ = {isa = PBXFileReference; lastKnownFileType = text.plist.xml; path = "spotivrijTests-Info.plist"; sourceTree = "<group>"; };
		9614ED65199A09B200BB8D44 /* en */ = {isa = PBXFileReference; lastKnownFileType = text.plist.strings; name = en; path = en.lproj/InfoPlist.strings; sourceTree = "<group>"; };
		9614ED67199A09B200BB8D44 /* spotivrijTests.m */ = {isa = PBXFileReference; lastKnownFileType = sourcecode.c.objc; path = spotivrijTests.m; sourceTree = "<group>"; };
		9660B7F8199A127300C386C1 /* constants.h */ = {isa = PBXFileReference; lastKnownFileType = sourcecode.c.h; path = constants.h; sourceTree = "<group>"; };
		B9741E65047A4083B087E427 /* Pods-spotivrij.xcconfig */ = {isa = PBXFileReference; includeInIndex = 1; lastKnownFileType = text.xcconfig; name = "Pods-spotivrij.xcconfig"; path = "Pods/Pods-spotivrij.xcconfig"; sourceTree = "<group>"; };
		D03E7535357D4B3FA390C443 /* libPods-spotivrij.a */ = {isa = PBXFileReference; explicitFileType = archive.ar; includeInIndex = 0; path = "libPods-spotivrij.a"; sourceTree = BUILT_PRODUCTS_DIR; };
/* End PBXFileReference section */

/* Begin PBXFrameworksBuildPhase section */
		9614ED36199A09B200BB8D44 /* Frameworks */ = {
			isa = PBXFrameworksBuildPhase;
			buildActionMask = 2147483647;
			files = (
				9614ED3F199A09B200BB8D44 /* CoreGraphics.framework in Frameworks */,
				9614ED41199A09B200BB8D44 /* UIKit.framework in Frameworks */,
				9614ED3D199A09B200BB8D44 /* Foundation.framework in Frameworks */,
				36FF2662EC604DCCB4D9D04F /* libPods-spotivrij.a in Frameworks */,
			);
			runOnlyForDeploymentPostprocessing = 0;
		};
		9614ED57199A09B200BB8D44 /* Frameworks */ = {
			isa = PBXFrameworksBuildPhase;
			buildActionMask = 2147483647;
			files = (
				9614ED5C199A09B200BB8D44 /* XCTest.framework in Frameworks */,
				9614ED5E199A09B200BB8D44 /* UIKit.framework in Frameworks */,
				9614ED5D199A09B200BB8D44 /* Foundation.framework in Frameworks */,
			);
			runOnlyForDeploymentPostprocessing = 0;
		};
/* End PBXFrameworksBuildPhase section */

/* Begin PBXGroup section */
		9614ED30199A09B200BB8D44 = {
			isa = PBXGroup;
			children = (
				9614ED42199A09B200BB8D44 /* spotivrij */,
				9614ED61199A09B200BB8D44 /* spotivrijTests */,
				9614ED3B199A09B200BB8D44 /* Frameworks */,
				9614ED3A199A09B200BB8D44 /* Products */,
				B9741E65047A4083B087E427 /* Pods-spotivrij.xcconfig */,
			);
			sourceTree = "<group>";
		};
		9614ED3A199A09B200BB8D44 /* Products */ = {
			isa = PBXGroup;
			children = (
				9614ED39199A09B200BB8D44 /* spotivrij.app */,
				9614ED5A199A09B200BB8D44 /* spotivrijTests.xctest */,
			);
			name = Products;
			sourceTree = "<group>";
		};
		9614ED3B199A09B200BB8D44 /* Frameworks */ = {
			isa = PBXGroup;
			children = (
				9614ED3C199A09B200BB8D44 /* Foundation.framework */,
				9614ED3E199A09B200BB8D44 /* CoreGraphics.framework */,
				9614ED40199A09B200BB8D44 /* UIKit.framework */,
				9614ED5B199A09B200BB8D44 /* XCTest.framework */,
				D03E7535357D4B3FA390C443 /* libPods-spotivrij.a */,
			);
			name = Frameworks;
			sourceTree = "<group>";
		};
		9614ED42199A09B200BB8D44 /* spotivrij */ = {
			isa = PBXGroup;
			children = (
				9660B7F7199A124500C386C1 /* UI */,
				9614ED4B199A09B200BB8D44 /* AppDelegate.h */,
				9614ED4C199A09B200BB8D44 /* AppDelegate.m */,
				9614ED43199A09B200BB8D44 /* Supporting Files */,
				9660B7F8199A127300C386C1 /* constants.h */,
			);
			path = spotivrij;
			sourceTree = "<group>";
		};
		9614ED43199A09B200BB8D44 /* Supporting Files */ = {
			isa = PBXGroup;
			children = (
				9614ED54199A09B200BB8D44 /* Images.xcassets */,
				9614ED44199A09B200BB8D44 /* spotivrij-Info.plist */,
				9614ED45199A09B200BB8D44 /* InfoPlist.strings */,
				9614ED48199A09B200BB8D44 /* main.m */,
				9614ED4A199A09B200BB8D44 /* spotivrij-Prefix.pch */,
			);
			name = "Supporting Files";
			sourceTree = "<group>";
		};
		9614ED61199A09B200BB8D44 /* spotivrijTests */ = {
			isa = PBXGroup;
			children = (
				9614ED67199A09B200BB8D44 /* spotivrijTests.m */,
				9614ED62199A09B200BB8D44 /* Supporting Files */,
			);
			path = spotivrijTests;
			sourceTree = "<group>";
		};
		9614ED62199A09B200BB8D44 /* Supporting Files */ = {
			isa = PBXGroup;
			children = (
				9614ED63199A09B200BB8D44 /* spotivrijTests-Info.plist */,
				9614ED64199A09B200BB8D44 /* InfoPlist.strings */,
			);
			name = "Supporting Files";
			sourceTree = "<group>";
		};
		9660B7F7199A124500C386C1 /* UI */ = {
			isa = PBXGroup;
			children = (
				9614ED52199A09B200BB8D44 /* ViewController.m */,
				9614ED51199A09B200BB8D44 /* ViewController.h */,
				9614ED4E199A09B200BB8D44 /* Main.storyboard */,
			);
			name = UI;
			sourceTree = "<group>";
		};
/* End PBXGroup section */

/* Begin PBXNativeTarget section */
		9614ED38199A09B200BB8D44 /* spotivrij */ = {
			isa = PBXNativeTarget;
			buildConfigurationList = 9614ED6B199A09B200BB8D44 /* Build configuration list for PBXNativeTarget "spotivrij" */;
			buildPhases = (
				31A0B2C898734F5690A218F6 /* Check Pods Manifest.lock */,
				9614ED35199A09B200BB8D44 /* Sources */,
				9614ED36199A09B200BB8D44 /* Frameworks */,
				9614ED37199A09B200BB8D44 /* Resources */,
				8978FE357FA44FDFB3DE8D9B /* Copy Pods Resources */,
			);
			buildRules = (
			);
			dependencies = (
			);
			name = spotivrij;
			productName = spotivrij;
			productReference = 9614ED39199A09B200BB8D44 /* spotivrij.app */;
			productType = "com.apple.product-type.application";
		};
		9614ED59199A09B200BB8D44 /* spotivrijTests */ = {
			isa = PBXNativeTarget;
			buildConfigurationList = 9614ED6E199A09B200BB8D44 /* Build configuration list for PBXNativeTarget "spotivrijTests" */;
			buildPhases = (
				9614ED56199A09B200BB8D44 /* Sources */,
				9614ED57199A09B200BB8D44 /* Frameworks */,
				9614ED58199A09B200BB8D44 /* Resources */,
			);
			buildRules = (
			);
			dependencies = (
				9614ED60199A09B200BB8D44 /* PBXTargetDependency */,
			);
			name = spotivrijTests;
			productName = spotivrijTests;
			productReference = 9614ED5A199A09B200BB8D44 /* spotivrijTests.xctest */;
			productType = "com.apple.product-type.bundle.unit-test";
		};
/* End PBXNativeTarget section */

/* Begin PBXProject section */
		9614ED31199A09B200BB8D44 /* Project object */ = {
			isa = PBXProject;
			attributes = {
				LastUpgradeCheck = 0510;
				ORGANIZATIONNAME = "Sebastiaan Hoejenbos";
				TargetAttributes = {
					9614ED59199A09B200BB8D44 = {
						TestTargetID = 9614ED38199A09B200BB8D44;
					};
				};
			};
			buildConfigurationList = 9614ED34199A09B200BB8D44 /* Build configuration list for PBXProject "spotivrij" */;
			compatibilityVersion = "Xcode 3.2";
			developmentRegion = English;
			hasScannedForEncodings = 0;
			knownRegions = (
				en,
				Base,
			);
			mainGroup = 9614ED30199A09B200BB8D44;
			productRefGroup = 9614ED3A199A09B200BB8D44 /* Products */;
			projectDirPath = "";
			projectRoot = "";
			targets = (
				9614ED38199A09B200BB8D44 /* spotivrij */,
				9614ED59199A09B200BB8D44 /* spotivrijTests */,
			);
		};
/* End PBXProject section */

/* Begin PBXResourcesBuildPhase section */
		9614ED37199A09B200BB8D44 /* Resources */ = {
			isa = PBXResourcesBuildPhase;
			buildActionMask = 2147483647;
			files = (
				9614ED55199A09B200BB8D44 /* Images.xcassets in Resources */,
				9614ED47199A09B200BB8D44 /* InfoPlist.strings in Resources */,
				9614ED50199A09B200BB8D44 /* Main.storyboard in Resources */,
			);
			runOnlyForDeploymentPostprocessing = 0;
		};
		9614ED58199A09B200BB8D44 /* Resources */ = {
			isa = PBXResourcesBuildPhase;
			buildActionMask = 2147483647;
			files = (
				9614ED66199A09B200BB8D44 /* InfoPlist.strings in Resources */,
			);
			runOnlyForDeploymentPostprocessing = 0;
		};
/* End PBXResourcesBuildPhase section */

/* Begin PBXShellScriptBuildPhase section */
		31A0B2C898734F5690A218F6 /* Check Pods Manifest.lock */ = {
			isa = PBXShellScriptBuildPhase;
			buildActionMask = 2147483647;
			files = (
			);
			inputPaths = (
			);
			name = "Check Pods Manifest.lock";
			outputPaths = (
			);
			runOnlyForDeploymentPostprocessing = 0;
			shellPath = /bin/sh;
			shellScript = "diff \"${PODS_ROOT}/../Podfile.lock\" \"${PODS_ROOT}/Manifest.lock\" > /dev/null\nif [[ $? != 0 ]] ; then\n    cat << EOM\nerror: The sandbox is not in sync with the Podfile.lock. Run 'pod install' or update your CocoaPods installation.\nEOM\n    exit 1\nfi\n";
			showEnvVarsInLog = 0;
		};
		8978FE357FA44FDFB3DE8D9B /* Copy Pods Resources */ = {
			isa = PBXShellScriptBuildPhase;
			buildActionMask = 2147483647;
			files = (
			);
			inputPaths = (
			);
			name = "Copy Pods Resources";
			outputPaths = (
			);
			runOnlyForDeploymentPostprocessing = 0;
			shellPath = /bin/sh;
			shellScript = "\"${SRCROOT}/Pods/Pods-spotivrij-resources.sh\"\n";
			showEnvVarsInLog = 0;
		};
/* End PBXShellScriptBuildPhase section */

/* Begin PBXSourcesBuildPhase section */
		9614ED35199A09B200BB8D44 /* Sources */ = {
			isa = PBXSourcesBuildPhase;
			buildActionMask = 2147483647;
			files = (
				9614ED53199A09B200BB8D44 /* ViewController.m in Sources */,
				9614ED4D199A09B200BB8D44 /* AppDelegate.m in Sources */,
				9614ED49199A09B200BB8D44 /* main.m in Sources */,
			);
			runOnlyForDeploymentPostprocessing = 0;
		};
		9614ED56199A09B200BB8D44 /* Sources */ = {
			isa = PBXSourcesBuildPhase;
			buildActionMask = 2147483647;
			files = (
				9614ED68199A09B200BB8D44 /* spotivrijTests.m in Sources */,
			);
			runOnlyForDeploymentPostprocessing = 0;
		};
/* End PBXSourcesBuildPhase section */

/* Begin PBXTargetDependency section */
		9614ED60199A09B200BB8D44 /* PBXTargetDependency */ = {
			isa = PBXTargetDependency;
			target = 9614ED38199A09B200BB8D44 /* spotivrij */;
			targetProxy = 9614ED5F199A09B200BB8D44 /* PBXContainerItemProxy */;
		};
/* End PBXTargetDependency section */

/* Begin PBXVariantGroup section */
		9614ED45199A09B200BB8D44 /* InfoPlist.strings */ = {
			isa = PBXVariantGroup;
			children = (
				9614ED46199A09B200BB8D44 /* en */,
			);
			name = InfoPlist.strings;
			sourceTree = "<group>";
		};
		9614ED4E199A09B200BB8D44 /* Main.storyboard */ = {
			isa = PBXVariantGroup;
			children = (
				9614ED4F199A09B200BB8D44 /* Base */,
			);
			name = Main.storyboard;
			sourceTree = "<group>";
		};
		9614ED64199A09B200BB8D44 /* InfoPlist.strings */ = {
			isa = PBXVariantGroup;
			children = (
				9614ED65199A09B200BB8D44 /* en */,
			);
			name = InfoPlist.strings;
			sourceTree = "<group>";
		};
/* End PBXVariantGroup section */

/* Begin XCBuildConfiguration section */
		9614ED69199A09B200BB8D44 /* Debug */ = {
			isa = XCBuildConfiguration;
			buildSettings = {
				ALWAYS_SEARCH_USER_PATHS = NO;
				CLANG_CXX_LANGUAGE_STANDARD = "gnu++0x";
				CLANG_CXX_LIBRARY = "libc++";
				CLANG_ENABLE_MODULES = YES;
				CLANG_ENABLE_OBJC_ARC = YES;
				CLANG_WARN_BOOL_CONVERSION = YES;
				CLANG_WARN_CONSTANT_CONVERSION = YES;
				CLANG_WARN_DIRECT_OBJC_ISA_USAGE = YES_ERROR;
				CLANG_WARN_EMPTY_BODY = YES;
				CLANG_WARN_ENUM_CONVERSION = YES;
				CLANG_WARN_INT_CONVERSION = YES;
				CLANG_WARN_OBJC_ROOT_CLASS = YES_ERROR;
				CLANG_WARN__DUPLICATE_METHOD_MATCH = YES;
				"CODE_SIGN_IDENTITY[sdk=iphoneos*]" = "iPhone Developer";
				COPY_PHASE_STRIP = NO;
				GCC_C_LANGUAGE_STANDARD = gnu99;
				GCC_DYNAMIC_NO_PIC = NO;
				GCC_OPTIMIZATION_LEVEL = 0;
				GCC_PREPROCESSOR_DEFINITIONS = (
					"DEBUG=1",
					"$(inherited)",
				);
				GCC_SYMBOLS_PRIVATE_EXTERN = NO;
				GCC_WARN_64_TO_32_BIT_CONVERSION = YES;
				GCC_WARN_ABOUT_RETURN_TYPE = YES_ERROR;
				GCC_WARN_UNDECLARED_SELECTOR = YES;
				GCC_WARN_UNINITIALIZED_AUTOS = YES_AGGRESSIVE;
				GCC_WARN_UNUSED_FUNCTION = YES;
				GCC_WARN_UNUSED_VARIABLE = YES;
				IPHONEOS_DEPLOYMENT_TARGET = 7.1;
				ONLY_ACTIVE_ARCH = YES;
				SDKROOT = iphoneos;
			};
			name = Debug;
		};
		9614ED6A199A09B200BB8D44 /* Release */ = {
			isa = XCBuildConfiguration;
			buildSettings = {
				ALWAYS_SEARCH_USER_PATHS = NO;
				CLANG_CXX_LANGUAGE_STANDARD = "gnu++0x";
				CLANG_CXX_LIBRARY = "libc++";
				CLANG_ENABLE_MODULES = YES;
				CLANG_ENABLE_OBJC_ARC = YES;
				CLANG_WARN_BOOL_CONVERSION = YES;
				CLANG_WARN_CONSTANT_CONVERSION = YES;
				CLANG_WARN_DIRECT_OBJC_ISA_USAGE = YES_ERROR;
				CLANG_WARN_EMPTY_BODY = YES;
				CLANG_WARN_ENUM_CONVERSION = YES;
				CLANG_WARN_INT_CONVERSION = YES;
				CLANG_WARN_OBJC_ROOT_CLASS = YES_ERROR;
				CLANG_WARN__DUPLICATE_METHOD_MATCH = YES;
				"CODE_SIGN_IDENTITY[sdk=iphoneos*]" = "iPhone Developer";
				COPY_PHASE_STRIP = YES;
				ENABLE_NS_ASSERTIONS = NO;
				GCC_C_LANGUAGE_STANDARD = gnu99;
				GCC_WARN_64_TO_32_BIT_CONVERSION = YES;
				GCC_WARN_ABOUT_RETURN_TYPE = YES_ERROR;
				GCC_WARN_UNDECLARED_SELECTOR = YES;
				GCC_WARN_UNINITIALIZED_AUTOS = YES_AGGRESSIVE;
				GCC_WARN_UNUSED_FUNCTION = YES;
				GCC_WARN_UNUSED_VARIABLE = YES;
				IPHONEOS_DEPLOYMENT_TARGET = 7.1;
				SDKROOT = iphoneos;
				VALIDATE_PRODUCT = YES;
			};
			name = Release;
		};
		9614ED6C199A09B200BB8D44 /* Debug */ = {
			isa = XCBuildConfiguration;
			baseConfigurationReference = B9741E65047A4083B087E427 /* Pods-spotivrij.xcconfig */;
			buildSettings = {
				ASSETCATALOG_COMPILER_APPICON_NAME = AppIcon;
				ASSETCATALOG_COMPILER_LAUNCHIMAGE_NAME = LaunchImage;
				GCC_PRECOMPILE_PREFIX_HEADER = YES;
				GCC_PREFIX_HEADER = "spotivrij/spotivrij-Prefix.pch";
				INFOPLIST_FILE = "spotivrij/spotivrij-Info.plist";
				PRODUCT_NAME = "$(TARGET_NAME)";
				WRAPPER_EXTENSION = app;
			};
			name = Debug;
		};
		9614ED6D199A09B200BB8D44 /* Release */ = {
			isa = XCBuildConfiguration;
			baseConfigurationReference = B9741E65047A4083B087E427 /* Pods-spotivrij.xcconfig */;
			buildSettings = {
				ASSETCATALOG_COMPILER_APPICON_NAME = AppIcon;
				ASSETCATALOG_COMPILER_LAUNCHIMAGE_NAME = LaunchImage;
				GCC_PRECOMPILE_PREFIX_HEADER = YES;
				GCC_PREFIX_HEADER = "spotivrij/spotivrij-Prefix.pch";
				INFOPLIST_FILE = "spotivrij/spotivrij-Info.plist";
				PRODUCT_NAME = "$(TARGET_NAME)";
				WRAPPER_EXTENSION = app;
			};
			name = Release;
		};
		9614ED6F199A09B200BB8D44 /* Debug */ = {
			isa = XCBuildConfiguration;
			buildSettings = {
				BUNDLE_LOADER = "$(BUILT_PRODUCTS_DIR)/spotivrij.app/spotivrij";
				FRAMEWORK_SEARCH_PATHS = (
					"$(SDKROOT)/Developer/Library/Frameworks",
					"$(inherited)",
					"$(DEVELOPER_FRAMEWORKS_DIR)",
				);
				GCC_PRECOMPILE_PREFIX_HEADER = YES;
				GCC_PREFIX_HEADER = "spotivrij/spotivrij-Prefix.pch";
				GCC_PREPROCESSOR_DEFINITIONS = (
					"DEBUG=1",
					"$(inherited)",
				);
				INFOPLIST_FILE = "spotivrijTests/spotivrijTests-Info.plist";
				PRODUCT_NAME = "$(TARGET_NAME)";
				TEST_HOST = "$(BUNDLE_LOADER)";
				WRAPPER_EXTENSION = xctest;
			};
			name = Debug;
		};
		9614ED70199A09B200BB8D44 /* Release */ = {
			isa = XCBuildConfiguration;
			buildSettings = {
				BUNDLE_LOADER = "$(BUILT_PRODUCTS_DIR)/spotivrij.app/spotivrij";
				FRAMEWORK_SEARCH_PATHS = (
					"$(SDKROOT)/Developer/Library/Frameworks",
					"$(inherited)",
					"$(DEVELOPER_FRAMEWORKS_DIR)",
				);
				GCC_PRECOMPILE_PREFIX_HEADER = YES;
				GCC_PREFIX_HEADER = "spotivrij/spotivrij-Prefix.pch";
				INFOPLIST_FILE = "spotivrijTests/spotivrijTests-Info.plist";
				PRODUCT_NAME = "$(TARGET_NAME)";
				TEST_HOST = "$(BUNDLE_LOADER)";
				WRAPPER_EXTENSION = xctest;
			};
			name = Release;
		};
/* End XCBuildConfiguration section */

/* Begin XCConfigurationList section */
		9614ED34199A09B200BB8D44 /* Build configuration list for PBXProject "spotivrij" */ = {
			isa = XCConfigurationList;
			buildConfigurations = (
				9614ED69199A09B200BB8D44 /* Debug */,
				9614ED6A199A09B200BB8D44 /* Release */,
			);
			defaultConfigurationIsVisible = 0;
			defaultConfigurationName = Release;
		};
		9614ED6B199A09B200BB8D44 /* Build configuration list for PBXNativeTarget "spotivrij" */ = {
			isa = XCConfigurationList;
			buildConfigurations = (
				9614ED6C199A09B200BB8D44 /* Debug */,
				9614ED6D199A09B200BB8D44 /* Release */,
			);
			defaultConfigurationIsVisible = 0;
			defaultConfigurationName = Release;
		};
		9614ED6E199A09B200BB8D44 /* Build configuration list for PBXNativeTarget "spotivrijTests" */ = {
			isa = XCConfigurationList;
			buildConfigurations = (
				9614ED6F199A09B200BB8D44 /* Debug */,
				9614ED70199A09B200BB8D44 /* Release */,
			);
			defaultConfigurationIsVisible = 0;
			defaultConfigurationName = Release;
		};
/* End XCConfigurationList section */
	};
	rootObject = 9614ED31199A09B200BB8D44 /* Project object */;
}
